// !$*UTF8*$!
{
	archiveVersion = 1;
	classes = {
	};
	objectVersion = 55;
	objects = {

/* Begin PBXBuildFile section */
		BC4759C0299207FC00569BC8 /* AppDelegate.swift in Sources */ = {isa = PBXBuildFile; fileRef = BC4759BF299207FC00569BC8 /* AppDelegate.swift */; };
		BC4759C2299207FC00569BC8 /* SceneDelegate.swift in Sources */ = {isa = PBXBuildFile; fileRef = BC4759C1299207FC00569BC8 /* SceneDelegate.swift */; };
		BC4759C4299207FC00569BC8 /* ViewController.swift in Sources */ = {isa = PBXBuildFile; fileRef = BC4759C3299207FC00569BC8 /* ViewController.swift */; };
		BC4759C7299207FC00569BC8 /* Main.storyboard in Resources */ = {isa = PBXBuildFile; fileRef = BC4759C5299207FC00569BC8 /* Main.storyboard */; };
		BC4759C92992080500569BC8 /* Assets.xcassets in Resources */ = {isa = PBXBuildFile; fileRef = BC4759C82992080500569BC8 /* Assets.xcassets */; };
		BC4759CC2992080500569BC8 /* LaunchScreen.storyboard in Resources */ = {isa = PBXBuildFile; fileRef = BC4759CA2992080500569BC8 /* LaunchScreen.storyboard */; };
		BC4759D72992080500569BC8 /* kiranappTests.swift in Sources */ = {isa = PBXBuildFile; fileRef = BC4759D62992080500569BC8 /* kiranappTests.swift */; };
		BC4759E12992080500569BC8 /* kiranappUITests.swift in Sources */ = {isa = PBXBuildFile; fileRef = BC4759E02992080500569BC8 /* kiranappUITests.swift */; };
		BC4759E32992080500569BC8 /* kiranappUITestsLaunchTests.swift in Sources */ = {isa = PBXBuildFile; fileRef = BC4759E22992080500569BC8 /* kiranappUITestsLaunchTests.swift */; };
/* End PBXBuildFile section */

/* Begin PBXContainerItemProxy section */
		BC4759D32992080500569BC8 /* PBXContainerItemProxy */ = {
			isa = PBXContainerItemProxy;
			containerPortal = BC4759B4299207FC00569BC8 /* Project object */;
			proxyType = 1;
			remoteGlobalIDString = BC4759BB299207FC00569BC8;
			remoteInfo = kiranapp;
		};
		BC4759DD2992080500569BC8 /* PBXContainerItemProxy */ = {
			isa = PBXContainerItemProxy;
			containerPortal = BC4759B4299207FC00569BC8 /* Project object */;
			proxyType = 1;
			remoteGlobalIDString = BC4759BB299207FC00569BC8;
			remoteInfo = kiranapp;
		};
/* End PBXContainerItemProxy section */

/* Begin PBXFileReference section */
		BC4759BC299207FC00569BC8 /* kiranapp.app */ = {isa = PBXFileReference; explicitFileType = wrapper.application; includeInIndex = 0; path = kiranapp.app; sourceTree = BUILT_PRODUCTS_DIR; };
		BC4759BF299207FC00569BC8 /* AppDelegate.swift */ = {isa = PBXFileReference; lastKnownFileType = sourcecode.swift; path = AppDelegate.swift; sourceTree = "<group>"; };
		BC4759C1299207FC00569BC8 /* SceneDelegate.swift */ = {isa = PBXFileReference; lastKnownFileType = sourcecode.swift; path = SceneDelegate.swift; sourceTree = "<group>"; };
		BC4759C3299207FC00569BC8 /* ViewController.swift */ = {isa = PBXFileReference; lastKnownFileType = sourcecode.swift; path = ViewController.swift; sourceTree = "<group>"; };
		BC4759C6299207FC00569BC8 /* Base */ = {isa = PBXFileReference; lastKnownFileType = file.storyboard; name = Base; path = Base.lproj/Main.storyboard; sourceTree = "<group>"; };
		BC4759C82992080500569BC8 /* Assets.xcassets */ = {isa = PBXFileReference; lastKnownFileType = folder.assetcatalog; path = Assets.xcassets; sourceTree = "<group>"; };
		BC4759CB2992080500569BC8 /* Base */ = {isa = PBXFileReference; lastKnownFileType = file.storyboard; name = Base; path = Base.lproj/LaunchScreen.storyboard; sourceTree = "<group>"; };
		BC4759CD2992080500569BC8 /* Info.plist */ = {isa = PBXFileReference; lastKnownFileType = text.plist.xml; path = Info.plist; sourceTree = "<group>"; };
		BC4759D22992080500569BC8 /* kiranappTests.xctest */ = {isa = PBXFileReference; explicitFileType = wrapper.cfbundle; includeInIndex = 0; path = kiranappTests.xctest; sourceTree = BUILT_PRODUCTS_DIR; };
		BC4759D62992080500569BC8 /* kiranappTests.swift */ = {isa = PBXFileReference; lastKnownFileType = sourcecode.swift; path = kiranappTests.swift; sourceTree = "<group>"; };
		BC4759DC2992080500569BC8 /* kiranappUITests.xctest */ = {isa = PBXFileReference; explicitFileType = wrapper.cfbundle; includeInIndex = 0; path = kiranappUITests.xctest; sourceTree = BUILT_PRODUCTS_DIR; };
		BC4759E02992080500569BC8 /* kiranappUITests.swift */ = {isa = PBXFileReference; lastKnownFileType = sourcecode.swift; path = kiranappUITests.swift; sourceTree = "<group>"; };
		BC4759E22992080500569BC8 /* kiranappUITestsLaunchTests.swift */ = {isa = PBXFileReference; lastKnownFileType = sourcecode.swift; path = kiranappUITestsLaunchTests.swift; sourceTree = "<group>"; };
/* End PBXFileReference section */

/* Begin PBXFrameworksBuildPhase section */
		BC4759B9299207FC00569BC8 /* Frameworks */ = {
			isa = PBXFrameworksBuildPhase;
			buildActionMask = 2147483647;
			files = (
			);
			runOnlyForDeploymentPostprocessing = 0;
		};
		BC4759CF2992080500569BC8 /* Frameworks */ = {
			isa = PBXFrameworksBuildPhase;
			buildActionMask = 2147483647;
			files = (
			);
			runOnlyForDeploymentPostprocessing = 0;
		};
		BC4759D92992080500569BC8 /* Frameworks */ = {
			isa = PBXFrameworksBuildPhase;
			buildActionMask = 2147483647;
			files = (
			);
			runOnlyForDeploymentPostprocessing = 0;
		};
/* End PBXFrameworksBuildPhase section */

/* Begin PBXGroup section */
		BC4759B3299207FC00569BC8 = {
			isa = PBXGroup;
			children = (
				BC4759BE299207FC00569BC8 /* kiranapp */,
				BC4759D52992080500569BC8 /* kiranappTests */,
				BC4759DF2992080500569BC8 /* kiranappUITests */,
				BC4759BD299207FC00569BC8 /* Products */,
			);
			sourceTree = "<group>";
		};
		BC4759BD299207FC00569BC8 /* Products */ = {
			isa = PBXGroup;
			children = (
				BC4759BC299207FC00569BC8 /* kiranapp.app */,
				BC4759D22992080500569BC8 /* kiranappTests.xctest */,
				BC4759DC2992080500569BC8 /* kiranappUITests.xctest */,
			);
			name = Products;
			sourceTree = "<group>";
		};
		BC4759BE299207FC00569BC8 /* kiranapp */ = {
			isa = PBXGroup;
			children = (
				BC4759BF299207FC00569BC8 /* AppDelegate.swift */,
				BC4759C1299207FC00569BC8 /* SceneDelegate.swift */,
				BC4759C3299207FC00569BC8 /* ViewController.swift */,
				BC4759C5299207FC00569BC8 /* Main.storyboard */,
				BC4759EF2992084200569BC8 /* Main.storyboard */,
				BC4759C82992080500569BC8 /* Assets.xcassets */,
				BC4759CA2992080500569BC8 /* LaunchScreen.storyboard */,
				BC4759CD2992080500569BC8 /* Info.plist */,
			);
			path = kiranapp;
			sourceTree = "<group>";
		};
		BC4759D52992080500569BC8 /* kiranappTests */ = {
			isa = PBXGroup;
			children = (
				BC4759D62992080500569BC8 /* kiranappTests.swift */,
			);
			path = kiranappTests;
			sourceTree = "<group>";
		};
		BC4759DF2992080500569BC8 /* kiranappUITests */ = {
			isa = PBXGroup;
			children = (
				BC4759E02992080500569BC8 /* kiranappUITests.swift */,
				BC4759E22992080500569BC8 /* kiranappUITestsLaunchTests.swift */,
			);
			path = kiranappUITests;
			sourceTree = "<group>";
		};
/* End PBXGroup section */

/* Begin PBXNativeTarget section */
		BC4759BB299207FC00569BC8 /* kiranapp */ = {
			isa = PBXNativeTarget;
			buildConfigurationList = BC4759E62992080500569BC8 /* Build configuration list for PBXNativeTarget "kiranapp" */;
			buildPhases = (
				BC4759B8299207FC00569BC8 /* Sources */,
				BC4759B9299207FC00569BC8 /* Frameworks */,
				BC4759BA299207FC00569BC8 /* Resources */,
			);
			buildRules = (
			);
			dependencies = (
			);
			name = kiranapp;
			productName = kiranapp;
			productReference = BC4759BC299207FC00569BC8 /* kiranapp.app */;
			productType = "com.apple.product-type.application";
		};
		BC4759D12992080500569BC8 /* kiranappTests */ = {
			isa = PBXNativeTarget;
			buildConfigurationList = BC4759E92992080500569BC8 /* Build configuration list for PBXNativeTarget "kiranappTests" */;
			buildPhases = (
				BC4759CE2992080500569BC8 /* Sources */,
				BC4759CF2992080500569BC8 /* Frameworks */,
				BC4759D02992080500569BC8 /* Resources */,
			);
			buildRules = (
			);
			dependencies = (
				BC4759D42992080500569BC8 /* PBXTargetDependency */,
			);
			name = kiranappTests;
			productName = kiranappTests;
			productReference = BC4759D22992080500569BC8 /* kiranappTests.xctest */;
			productType = "com.apple.product-type.bundle.unit-test";
		};
		BC4759DB2992080500569BC8 /* kiranappUITests */ = {
			isa = PBXNativeTarget;
			buildConfigurationList = BC4759EC2992080500569BC8 /* Build configuration list for PBXNativeTarget "kiranappUITests" */;
			buildPhases = (
				BC4759D82992080500569BC8 /* Sources */,
				BC4759D92992080500569BC8 /* Frameworks */,
				BC4759DA2992080500569BC8 /* Resources */,
			);
			buildRules = (
			);
			dependencies = (
				BC4759DE2992080500569BC8 /* PBXTargetDependency */,
			);
			name = kiranappUITests;
			productName = kiranappUITests;
			productReference = BC4759DC2992080500569BC8 /* kiranappUITests.xctest */;
			productType = "com.apple.product-type.bundle.ui-testing";
		};
/* End PBXNativeTarget section */

/* Begin PBXProject section */
		BC4759B4299207FC00569BC8 /* Project object */ = {
			isa = PBXProject;
			attributes = {
				BuildIndependentTargetsInParallel = 1;
				LastSwiftUpdateCheck = 1340;
				LastUpgradeCheck = 1340;
				TargetAttributes = {
					BC4759BB299207FC00569BC8 = {
						CreatedOnToolsVersion = 13.4.1;
					};
					BC4759D12992080500569BC8 = {
						CreatedOnToolsVersion = 13.4.1;
						TestTargetID = BC4759BB299207FC00569BC8;
					};
					BC4759DB2992080500569BC8 = {
						CreatedOnToolsVersion = 13.4.1;
						TestTargetID = BC4759BB299207FC00569BC8;
					};
				};
			};
			buildConfigurationList = BC4759B7299207FC00569BC8 /* Build configuration list for PBXProject "kiranapp" */;
			compatibilityVersion = "Xcode 13.0";
			developmentRegion = en;
			hasScannedForEncodings = 0;
			knownRegions = (
				en,
				Base,
			);
			mainGroup = BC4759B3299207FC00569BC8;
			productRefGroup = BC4759BD299207FC00569BC8 /* Products */;
			projectDirPath = "";
			projectRoot = "";
			targets = (
				BC4759BB299207FC00569BC8 /* kiranapp */,
				BC4759D12992080500569BC8 /* kiranappTests */,
				BC4759DB2992080500569BC8 /* kiranappUITests */,
			);
		};
/* End PBXProject section */

/* Begin PBXResourcesBuildPhase section */
		BC4759BA299207FC00569BC8 /* Resources */ = {
			isa = PBXResourcesBuildPhase;
			buildActionMask = 2147483647;
			files = (
				BC4759CC2992080500569BC8 /* LaunchScreen.storyboard in Resources */,
				BC4759C92992080500569BC8 /* Assets.xcassets in Resources */,
				BC4759C7299207FC00569BC8 /* Main.storyboard in Resources */,
			);
			runOnlyForDeploymentPostprocessing = 0;
		};
		BC4759D02992080500569BC8 /* Resources */ = {
			isa = PBXResourcesBuildPhase;
			buildActionMask = 2147483647;
			files = (
			);
			runOnlyForDeploymentPostprocessing = 0;
		};
		BC4759DA2992080500569BC8 /* Resources */ = {
			isa = PBXResourcesBuildPhase;
			buildActionMask = 2147483647;
			files = (
			);
			runOnlyForDeploymentPostprocessing = 0;
		};
/* End PBXResourcesBuildPhase section */

/* Begin PBXSourcesBuildPhase section */
		BC4759B8299207FC00569BC8 /* Sources */ = {
			isa = PBXSourcesBuildPhase;
			buildActionMask = 2147483647;
			files = (
				BC4759C4299207FC00569BC8 /* ViewController.swift in Sources */,
				BC4759C0299207FC00569BC8 /* AppDelegate.swift in Sources */,
				BC4759C2299207FC00569BC8 /* SceneDelegate.swift in Sources */,
			);
			runOnlyForDeploymentPostprocessing = 0;
		};
		BC4759CE2992080500569BC8 /* Sources */ = {
			isa = PBXSourcesBuildPhase;
			buildActionMask = 2147483647;
			files = (
				BC4759D72992080500569BC8 /* kiranappTests.swift in Sources */,
			);
			runOnlyForDeploymentPostprocessing = 0;
		};
		BC4759D82992080500569BC8 /* Sources */ = {
			isa = PBXSourcesBuildPhase;
			buildActionMask = 2147483647;
			files = (
				BC4759E32992080500569BC8 /* kiranappUITestsLaunchTests.swift in Sources */,
				BC4759E12992080500569BC8 /* kiranappUITests.swift in Sources */,
			);
			runOnlyForDeploymentPostprocessing = 0;
		};
/* End PBXSourcesBuildPhase section */

/* Begin PBXTargetDependency section */
		BC4759D42992080500569BC8 /* PBXTargetDependency */ = {
			isa = PBXTargetDependency;
			target = BC4759BB299207FC00569BC8 /* kiranapp */;
			targetProxy = BC4759D32992080500569BC8 /* PBXContainerItemProxy */;
		};
		BC4759DE2992080500569BC8 /* PBXTargetDependency */ = {
			isa = PBXTargetDependency;
			target = BC4759BB299207FC00569BC8 /* kiranapp */;
			targetProxy = BC4759DD2992080500569BC8 /* PBXContainerItemProxy */;
		};
/* End PBXTargetDependency section */

/* Begin PBXVariantGroup section */
		BC4759C5299207FC00569BC8 /* Main.storyboard */ = {
			isa = PBXVariantGroup;
			children = (
				BC4759C6299207FC00569BC8 /* Base */,
			);
			name = Main.storyboard;
			sourceTree = "<group>";
		};
		BC4759CA2992080500569BC8 /* LaunchScreen.storyboard */ = {
			isa = PBXVariantGroup;
			children = (
				BC4759CB2992080500569BC8 /* Base */,
			);
			name = LaunchScreen.storyboard;
			sourceTree = "<group>";
		};
		BC4759EF2992084200569BC8 /* Main.storyboard */ = {
			isa = PBXVariantGroup;
			children = (
			);
			name = Main.storyboard;
			sourceTree = "<group>";
		};
/* End PBXVariantGroup section */

/* Begin XCBuildConfiguration section */
		BC4759E42992080500569BC8 /* Debug */ = {
			isa = XCBuildConfiguration;
			buildSettings = {
				ALWAYS_SEARCH_USER_PATHS = NO;
				CLANG_ANALYZER_NONNULL = YES;
				CLANG_ANALYZER_NUMBER_OBJECT_CONVERSION = YES_AGGRESSIVE;
				CLANG_CXX_LANGUAGE_STANDARD = "gnu++17";
				CLANG_ENABLE_MODULES = YES;
				CLANG_ENABLE_OBJC_ARC = YES;
				CLANG_ENABLE_OBJC_WEAK = YES;
				CLANG_WARN_BLOCK_CAPTURE_AUTORELEASING = YES;
				CLANG_WARN_BOOL_CONVERSION = YES;
				CLANG_WARN_COMMA = YES;
				CLANG_WARN_CONSTANT_CONVERSION = YES;
				CLANG_WARN_DEPRECATED_OBJC_IMPLEMENTATIONS = YES;
				CLANG_WARN_DIRECT_OBJC_ISA_USAGE = YES_ERROR;
				CLANG_WARN_DOCUMENTATION_COMMENTS = YES;
				CLANG_WARN_EMPTY_BODY = YES;
				CLANG_WARN_ENUM_CONVERSION = YES;
				CLANG_WARN_INFINITE_RECURSION = YES;
				CLANG_WARN_INT_CONVERSION = YES;
				CLANG_WARN_NON_LITERAL_NULL_CONVERSION = YES;
				CLANG_WARN_OBJC_IMPLICIT_RETAIN_SELF = YES;
				CLANG_WARN_OBJC_LITERAL_CONVERSION = YES;
				CLANG_WARN_OBJC_ROOT_CLASS = YES_ERROR;
				CLANG_WARN_QUOTED_INCLUDE_IN_FRAMEWORK_HEADER = YES;
				CLANG_WARN_RANGE_LOOP_ANALYSIS = YES;
				CLANG_WARN_STRICT_PROTOTYPES = YES;
				CLANG_WARN_SUSPICIOUS_MOVE = YES;
				CLANG_WARN_UNGUARDED_AVAILABILITY = YES_AGGRESSIVE;
				CLANG_WARN_UNREACHABLE_CODE = YES;
				CLANG_WARN__DUPLICATE_METHOD_MATCH = YES;
				COPY_PHASE_STRIP = NO;
				DEBUG_INFORMATION_FORMAT = dwarf;
				ENABLE_STRICT_OBJC_MSGSEND = YES;
				ENABLE_TESTABILITY = YES;
				GCC_C_LANGUAGE_STANDARD = gnu11;
				GCC_DYNAMIC_NO_PIC = NO;
				GCC_NO_COMMON_BLOCKS = YES;
				GCC_OPTIMIZATION_LEVEL = 0;
				GCC_PREPROCESSOR_DEFINITIONS = (
					"DEBUG=1",
					"$(inherited)",
				);
				GCC_WARN_64_TO_32_BIT_CONVERSION = YES;
				GCC_WARN_ABOUT_RETURN_TYPE = YES_ERROR;
				GCC_WARN_UNDECLARED_SELECTOR = YES;
				GCC_WARN_UNINITIALIZED_AUTOS = YES_AGGRESSIVE;
				GCC_WARN_UNUSED_FUNCTION = YES;
				GCC_WARN_UNUSED_VARIABLE = YES;
				IPHONEOS_DEPLOYMENT_TARGET = 15.5;
				MTL_ENABLE_DEBUG_INFO = INCLUDE_SOURCE;
				MTL_FAST_MATH = YES;
				ONLY_ACTIVE_ARCH = YES;
				SDKROOT = iphoneos;
				SWIFT_ACTIVE_COMPILATION_CONDITIONS = DEBUG;
				SWIFT_OPTIMIZATION_LEVEL = "-Onone";
			};
			name = Debug;
		};
		BC4759E52992080500569BC8 /* Release */ = {
			isa = XCBuildConfiguration;
			buildSettings = {
				ALWAYS_SEARCH_USER_PATHS = NO;
				CLANG_ANALYZER_NONNULL = YES;
				CLANG_ANALYZER_NUMBER_OBJECT_CONVERSION = YES_AGGRESSIVE;
				CLANG_CXX_LANGUAGE_STANDARD = "gnu++17";
				CLANG_ENABLE_MODULES = YES;
				CLANG_ENABLE_OBJC_ARC = YES;
				CLANG_ENABLE_OBJC_WEAK = YES;
				CLANG_WARN_BLOCK_CAPTURE_AUTORELEASING = YES;
				CLANG_WARN_BOOL_CONVERSION = YES;
				CLANG_WARN_COMMA = YES;
				CLANG_WARN_CONSTANT_CONVERSION = YES;
				CLANG_WARN_DEPRECATED_OBJC_IMPLEMENTATIONS = YES;
				CLANG_WARN_DIRECT_OBJC_ISA_USAGE = YES_ERROR;
				CLANG_WARN_DOCUMENTATION_COMMENTS = YES;
				CLANG_WARN_EMPTY_BODY = YES;
				CLANG_WARN_ENUM_CONVERSION = YES;
				CLANG_WARN_INFINITE_RECURSION = YES;
				CLANG_WARN_INT_CONVERSION = YES;
				CLANG_WARN_NON_LITERAL_NULL_CONVERSION = YES;
				CLANG_WARN_OBJC_IMPLICIT_RETAIN_SELF = YES;
				CLANG_WARN_OBJC_LITERAL_CONVERSION = YES;
				CLANG_WARN_OBJC_ROOT_CLASS = YES_ERROR;
				CLANG_WARN_QUOTED_INCLUDE_IN_FRAMEWORK_HEADER = YES;
				CLANG_WARN_RANGE_LOOP_ANALYSIS = YES;
				CLANG_WARN_STRICT_PROTOTYPES = YES;
				CLANG_WARN_SUSPICIOUS_MOVE = YES;
				CLANG_WARN_UNGUARDED_AVAILABILITY = YES_AGGRESSIVE;
				CLANG_WARN_UNREACHABLE_CODE = YES;
				CLANG_WARN__DUPLICATE_METHOD_MATCH = YES;
				COPY_PHASE_STRIP = NO;
				DEBUG_INFORMATION_FORMAT = "dwarf-with-dsym";
				ENABLE_NS_ASSERTIONS = NO;
				ENABLE_STRICT_OBJC_MSGSEND = YES;
				GCC_C_LANGUAGE_STANDARD = gnu11;
				GCC_NO_COMMON_BLOCKS = YES;
				GCC_WARN_64_TO_32_BIT_CONVERSION = YES;
				GCC_WARN_ABOUT_RETURN_TYPE = YES_ERROR;
				GCC_WARN_UNDECLARED_SELECTOR = YES;
				GCC_WARN_UNINITIALIZED_AUTOS = YES_AGGRESSIVE;
				GCC_WARN_UNUSED_FUNCTION = YES;
				GCC_WARN_UNUSED_VARIABLE = YES;
				IPHONEOS_DEPLOYMENT_TARGET = 15.5;
				MTL_ENABLE_DEBUG_INFO = NO;
				MTL_FAST_MATH = YES;
				SDKROOT = iphoneos;
				SWIFT_COMPILATION_MODE = wholemodule;
				SWIFT_OPTIMIZATION_LEVEL = "-O";
				VALIDATE_PRODUCT = YES;
			};
			name = Release;
		};
		BC4759E72992080500569BC8 /* Debug */ = {
			isa = XCBuildConfiguration;
			buildSettings = {
				ASSETCATALOG_COMPILER_APPICON_NAME = AppIcon;
				ASSETCATALOG_COMPILER_GLOBAL_ACCENT_COLOR_NAME = AccentColor;
				CODE_SIGN_STYLE = Automatic;
				CURRENT_PROJECT_VERSION = 1;
				GENERATE_INFOPLIST_FILE = YES;
				INFOPLIST_FILE = kiranapp/Info.plist;
				INFOPLIST_KEY_UIApplicationSupportsIndirectInputEvents = YES;
				INFOPLIST_KEY_UILaunchStoryboardName = LaunchScreen;
				INFOPLIST_KEY_UIMainStoryboardFile = Main;
				INFOPLIST_KEY_UISupportedInterfaceOrientations_iPad = "UIInterfaceOrientationPortrait UIInterfaceOrientationPortraitUpsideDown UIInterfaceOrientationLandscapeLeft UIInterfaceOrientationLandscapeRight";
				INFOPLIST_KEY_UISupportedInterfaceOrientations_iPhone = "UIInterfaceOrientationPortrait UIInterfaceOrientationLandscapeLeft UIInterfaceOrientationLandscapeRight";
				LD_RUNPATH_SEARCH_PATHS = (
					"$(inherited)",
					"@executable_path/Frameworks",
				);
				MARKETING_VERSION = 1.0;
				PRODUCT_BUNDLE_IDENTIFIER = nwmissour.edu.kiranapp;
				PRODUCT_NAME = "$(TARGET_NAME)";
				SWIFT_EMIT_LOC_STRINGS = YES;
				SWIFT_VERSION = 5.0;
				TARGETED_DEVICE_FAMILY = "1,2";
			};
			name = Debug;
		};
		BC4759E82992080500569BC8 /* Release */ = {
			isa = XCBuildConfiguration;
			buildSettings = {
				ASSETCATALOG_COMPILER_APPICON_NAME = AppIcon;
				ASSETCATALOG_COMPILER_GLOBAL_ACCENT_COLOR_NAME = AccentColor;
				CODE_SIGN_STYLE = Automatic;
				CURRENT_PROJECT_VERSION = 1;
				GENERATE_INFOPLIST_FILE = YES;
				INFOPLIST_FILE = kiranapp/Info.plist;
				INFOPLIST_KEY_UIApplicationSupportsIndirectInputEvents = YES;
				INFOPLIST_KEY_UILaunchStoryboardName = LaunchScreen;
				INFOPLIST_KEY_UIMainStoryboardFile = Main;
				INFOPLIST_KEY_UISupportedInterfaceOrientations_iPad = "UIInterfaceOrientationPortrait UIInterfaceOrientationPortraitUpsideDown UIInterfaceOrientationLandscapeLeft UIInterfaceOrientationLandscapeRight";
				INFOPLIST_KEY_UISupportedInterfaceOrientations_iPhone = "UIInterfaceOrientationPortrait UIInterfaceOrientationLandscapeLeft UIInterfaceOrientationLandscapeRight";
				LD_RUNPATH_SEARCH_PATHS = (
					"$(inherited)",
					"@executable_path/Frameworks",
				);
				MARKETING_VERSION = 1.0;
				PRODUCT_BUNDLE_IDENTIFIER = nwmissour.edu.kiranapp;
				PRODUCT_NAME = "$(TARGET_NAME)";
				SWIFT_EMIT_LOC_STRINGS = YES;
				SWIFT_VERSION = 5.0;
				TARGETED_DEVICE_FAMILY = "1,2";
			};
			name = Release;
		};
		BC4759EA2992080500569BC8 /* Debug */ = {
			isa = XCBuildConfiguration;
			buildSettings = {
				ALWAYS_EMBED_SWIFT_STANDARD_LIBRARIES = YES;
				BUNDLE_LOADER = "$(TEST_HOST)";
				CODE_SIGN_STYLE = Automatic;
				CURRENT_PROJECT_VERSION = 1;
				GENERATE_INFOPLIST_FILE = YES;
				IPHONEOS_DEPLOYMENT_TARGET = 15.5;
				MARKETING_VERSION = 1.0;
				PRODUCT_BUNDLE_IDENTIFIER = nwmissour.edu.kiranappTests;
				PRODUCT_NAME = "$(TARGET_NAME)";
				SWIFT_EMIT_LOC_STRINGS = NO;
				SWIFT_VERSION = 5.0;
				TARGETED_DEVICE_FAMILY = "1,2";
				TEST_HOST = "$(BUILT_PRODUCTS_DIR)/kiranapp.app/kiranapp";
			};
			name = Debug;
		};
		BC4759EB2992080500569BC8 /* Release */ = {
			isa = XCBuildConfiguration;
			buildSettings = {
				ALWAYS_EMBED_SWIFT_STANDARD_LIBRARIES = YES;
				BUNDLE_LOADER = "$(TEST_HOST)";
				CODE_SIGN_STYLE = Automatic;
				CURRENT_PROJECT_VERSION = 1;
				GENERATE_INFOPLIST_FILE = YES;
				IPHONEOS_DEPLOYMENT_TARGET = 15.5;
				MARKETING_VERSION = 1.0;
				PRODUCT_BUNDLE_IDENTIFIER = nwmissour.edu.kiranappTests;
				PRODUCT_NAME = "$(TARGET_NAME)";
				SWIFT_EMIT_LOC_STRINGS = NO;
				SWIFT_VERSION = 5.0;
				TARGETED_DEVICE_FAMILY = "1,2";
				TEST_HOST = "$(BUILT_PRODUCTS_DIR)/kiranapp.app/kiranapp";
			};
			name = Release;
		};
		BC4759ED2992080500569BC8 /* Debug */ = {
			isa = XCBuildConfiguration;
			buildSettings = {
				ALWAYS_EMBED_SWIFT_STANDARD_LIBRARIES = YES;
				CODE_SIGN_STYLE = Automatic;
				CURRENT_PROJECT_VERSION = 1;
				GENERATE_INFOPLIST_FILE = YES;
				MARKETING_VERSION = 1.0;
				PRODUCT_BUNDLE_IDENTIFIER = nwmissour.edu.kiranappUITests;
				PRODUCT_NAME = "$(TARGET_NAME)";
				SWIFT_EMIT_LOC_STRINGS = NO;
				SWIFT_VERSION = 5.0;
				TARGETED_DEVICE_FAMILY = "1,2";
				TEST_TARGET_NAME = kiranapp;
			};
			name = Debug;
		};
		BC4759EE2992080500569BC8 /* Release */ = {
			isa = XCBuildConfiguration;
			buildSettings = {
				ALWAYS_EMBED_SWIFT_STANDARD_LIBRARIES = YES;
				CODE_SIGN_STYLE = Automatic;
				CURRENT_PROJECT_VERSION = 1;
				GENERATE_INFOPLIST_FILE = YES;
				MARKETING_VERSION = 1.0;
				PRODUCT_BUNDLE_IDENTIFIER = nwmissour.edu.kiranappUITests;
				PRODUCT_NAME = "$(TARGET_NAME)";
				SWIFT_EMIT_LOC_STRINGS = NO;
				SWIFT_VERSION = 5.0;
				TARGETED_DEVICE_FAMILY = "1,2";
				TEST_TARGET_NAME = kiranapp;
			};
			name = Release;
		};
/* End XCBuildConfiguration section */

/* Begin XCConfigurationList section */
		BC4759B7299207FC00569BC8 /* Build configuration list for PBXProject "kiranapp" */ = {
			isa = XCConfigurationList;
			buildConfigurations = (
				BC4759E42992080500569BC8 /* Debug */,
				BC4759E52992080500569BC8 /* Release */,
			);
			defaultConfigurationIsVisible = 0;
			defaultConfigurationName = Release;
		};
		BC4759E62992080500569BC8 /* Build configuration list for PBXNativeTarget "kiranapp" */ = {
			isa = XCConfigurationList;
			buildConfigurations = (
				BC4759E72992080500569BC8 /* Debug */,
				BC4759E82992080500569BC8 /* Release */,
			);
			defaultConfigurationIsVisible = 0;
			defaultConfigurationName = Release;
		};
		BC4759E92992080500569BC8 /* Build configuration list for PBXNativeTarget "kiranappTests" */ = {
			isa = XCConfigurationList;
			buildConfigurations = (
				BC4759EA2992080500569BC8 /* Debug */,
				BC4759EB2992080500569BC8 /* Release */,
			);
			defaultConfigurationIsVisible = 0;
			defaultConfigurationName = Release;
		};
		BC4759EC2992080500569BC8 /* Build configuration list for PBXNativeTarget "kiranappUITests" */ = {
			isa = XCConfigurationList;
			buildConfigurations = (
				BC4759ED2992080500569BC8 /* Debug */,
				BC4759EE2992080500569BC8 /* Release */,
			);
			defaultConfigurationIsVisible = 0;
			defaultConfigurationName = Release;
		};
/* End XCConfigurationList section */
	};
	rootObject = BC4759B4299207FC00569BC8 /* Project object */;
}
