// !$*UTF8*$!
{
	archiveVersion = 1;
	classes = {
	};
	objectVersion = 55;
	objects = {

/* Begin PBXBuildFile section */
		BC4F0DA929D51F95001A6DD2 /* AppDelegate.swift in Sources */ = {isa = PBXBuildFile; fileRef = BC4F0DA829D51F95001A6DD2 /* AppDelegate.swift */; };
		BC4F0DAB29D51F95001A6DD2 /* SceneDelegate.swift in Sources */ = {isa = PBXBuildFile; fileRef = BC4F0DAA29D51F95001A6DD2 /* SceneDelegate.swift */; };
		BC4F0DAD29D51F95001A6DD2 /* ViewController.swift in Sources */ = {isa = PBXBuildFile; fileRef = BC4F0DAC29D51F95001A6DD2 /* ViewController.swift */; };
		BC4F0DB029D51F95001A6DD2 /* Main.storyboard in Resources */ = {isa = PBXBuildFile; fileRef = BC4F0DAE29D51F95001A6DD2 /* Main.storyboard */; };
		BC4F0DB229D51F9C001A6DD2 /* Assets.xcassets in Resources */ = {isa = PBXBuildFile; fileRef = BC4F0DB129D51F9C001A6DD2 /* Assets.xcassets */; };
		BC4F0DB529D51F9C001A6DD2 /* LaunchScreen.storyboard in Resources */ = {isa = PBXBuildFile; fileRef = BC4F0DB329D51F9C001A6DD2 /* LaunchScreen.storyboard */; };
		BC4F0DC029D51F9C001A6DD2 /* Kadali_WordGuessTests.swift in Sources */ = {isa = PBXBuildFile; fileRef = BC4F0DBF29D51F9C001A6DD2 /* Kadali_WordGuessTests.swift */; };
		BC4F0DCA29D51F9C001A6DD2 /* Kadali_WordGuessUITests.swift in Sources */ = {isa = PBXBuildFile; fileRef = BC4F0DC929D51F9C001A6DD2 /* Kadali_WordGuessUITests.swift */; };
		BC4F0DCC29D51F9C001A6DD2 /* Kadali_WordGuessUITestsLaunchTests.swift in Sources */ = {isa = PBXBuildFile; fileRef = BC4F0DCB29D51F9C001A6DD2 /* Kadali_WordGuessUITestsLaunchTests.swift */; };
/* End PBXBuildFile section */

/* Begin PBXContainerItemProxy section */
		BC4F0DBC29D51F9C001A6DD2 /* PBXContainerItemProxy */ = {
			isa = PBXContainerItemProxy;
			containerPortal = BC4F0D9D29D51F95001A6DD2 /* Project object */;
			proxyType = 1;
			remoteGlobalIDString = BC4F0DA429D51F95001A6DD2;
			remoteInfo = Kadali_WordGuess;
		};
		BC4F0DC629D51F9C001A6DD2 /* PBXContainerItemProxy */ = {
			isa = PBXContainerItemProxy;
			containerPortal = BC4F0D9D29D51F95001A6DD2 /* Project object */;
			proxyType = 1;
			remoteGlobalIDString = BC4F0DA429D51F95001A6DD2;
			remoteInfo = Kadali_WordGuess;
		};
/* End PBXContainerItemProxy section */

/* Begin PBXFileReference section */
		BC4F0DA529D51F95001A6DD2 /* Kadali_WordGuess.app */ = {isa = PBXFileReference; explicitFileType = wrapper.application; includeInIndex = 0; path = Kadali_WordGuess.app; sourceTree = BUILT_PRODUCTS_DIR; };
		BC4F0DA829D51F95001A6DD2 /* AppDelegate.swift */ = {isa = PBXFileReference; lastKnownFileType = sourcecode.swift; path = AppDelegate.swift; sourceTree = "<group>"; };
		BC4F0DAA29D51F95001A6DD2 /* SceneDelegate.swift */ = {isa = PBXFileReference; lastKnownFileType = sourcecode.swift; path = SceneDelegate.swift; sourceTree = "<group>"; };
		BC4F0DAC29D51F95001A6DD2 /* ViewController.swift */ = {isa = PBXFileReference; lastKnownFileType = sourcecode.swift; path = ViewController.swift; sourceTree = "<group>"; };
		BC4F0DAF29D51F95001A6DD2 /* Base */ = {isa = PBXFileReference; lastKnownFileType = file.storyboard; name = Base; path = Base.lproj/Main.storyboard; sourceTree = "<group>"; };
		BC4F0DB129D51F9C001A6DD2 /* Assets.xcassets */ = {isa = PBXFileReference; lastKnownFileType = folder.assetcatalog; path = Assets.xcassets; sourceTree = "<group>"; };
		BC4F0DB429D51F9C001A6DD2 /* Base */ = {isa = PBXFileReference; lastKnownFileType = file.storyboard; name = Base; path = Base.lproj/LaunchScreen.storyboard; sourceTree = "<group>"; };
		BC4F0DB629D51F9C001A6DD2 /* Info.plist */ = {isa = PBXFileReference; lastKnownFileType = text.plist.xml; path = Info.plist; sourceTree = "<group>"; };
		BC4F0DBB29D51F9C001A6DD2 /* Kadali_WordGuessTests.xctest */ = {isa = PBXFileReference; explicitFileType = wrapper.cfbundle; includeInIndex = 0; path = Kadali_WordGuessTests.xctest; sourceTree = BUILT_PRODUCTS_DIR; };
		BC4F0DBF29D51F9C001A6DD2 /* Kadali_WordGuessTests.swift */ = {isa = PBXFileReference; lastKnownFileType = sourcecode.swift; path = Kadali_WordGuessTests.swift; sourceTree = "<group>"; };
		BC4F0DC529D51F9C001A6DD2 /* Kadali_WordGuessUITests.xctest */ = {isa = PBXFileReference; explicitFileType = wrapper.cfbundle; includeInIndex = 0; path = Kadali_WordGuessUITests.xctest; sourceTree = BUILT_PRODUCTS_DIR; };
		BC4F0DC929D51F9C001A6DD2 /* Kadali_WordGuessUITests.swift */ = {isa = PBXFileReference; lastKnownFileType = sourcecode.swift; path = Kadali_WordGuessUITests.swift; sourceTree = "<group>"; };
		BC4F0DCB29D51F9C001A6DD2 /* Kadali_WordGuessUITestsLaunchTests.swift */ = {isa = PBXFileReference; lastKnownFileType = sourcecode.swift; path = Kadali_WordGuessUITestsLaunchTests.swift; sourceTree = "<group>"; };
/* End PBXFileReference section */

/* Begin PBXFrameworksBuildPhase section */
		BC4F0DA229D51F95001A6DD2 /* Frameworks */ = {
			isa = PBXFrameworksBuildPhase;
			buildActionMask = 2147483647;
			files = (
			);
			runOnlyForDeploymentPostprocessing = 0;
		};
		BC4F0DB829D51F9C001A6DD2 /* Frameworks */ = {
			isa = PBXFrameworksBuildPhase;
			buildActionMask = 2147483647;
			files = (
			);
			runOnlyForDeploymentPostprocessing = 0;
		};
		BC4F0DC229D51F9C001A6DD2 /* Frameworks */ = {
			isa = PBXFrameworksBuildPhase;
			buildActionMask = 2147483647;
			files = (
			);
			runOnlyForDeploymentPostprocessing = 0;
		};
/* End PBXFrameworksBuildPhase section */

/* Begin PBXGroup section */
		BC4F0D9C29D51F95001A6DD2 = {
			isa = PBXGroup;
			children = (
				BC4F0DA729D51F95001A6DD2 /* Kadali_WordGuess */,
				BC4F0DBE29D51F9C001A6DD2 /* Kadali_WordGuessTests */,
				BC4F0DC829D51F9C001A6DD2 /* Kadali_WordGuessUITests */,
				BC4F0DA629D51F95001A6DD2 /* Products */,
			);
			sourceTree = "<group>";
		};
		BC4F0DA629D51F95001A6DD2 /* Products */ = {
			isa = PBXGroup;
			children = (
				BC4F0DA529D51F95001A6DD2 /* Kadali_WordGuess.app */,
				BC4F0DBB29D51F9C001A6DD2 /* Kadali_WordGuessTests.xctest */,
				BC4F0DC529D51F9C001A6DD2 /* Kadali_WordGuessUITests.xctest */,
			);
			name = Products;
			sourceTree = "<group>";
		};
		BC4F0DA729D51F95001A6DD2 /* Kadali_WordGuess */ = {
			isa = PBXGroup;
			children = (
				BC4F0DA829D51F95001A6DD2 /* AppDelegate.swift */,
				BC4F0DAA29D51F95001A6DD2 /* SceneDelegate.swift */,
				BC4F0DAC29D51F95001A6DD2 /* ViewController.swift */,
				BC4F0DAE29D51F95001A6DD2 /* Main.storyboard */,
				BC4F0DB129D51F9C001A6DD2 /* Assets.xcassets */,
				BC4F0DB329D51F9C001A6DD2 /* LaunchScreen.storyboard */,
				BC4F0DB629D51F9C001A6DD2 /* Info.plist */,
			);
			path = Kadali_WordGuess;
			sourceTree = "<group>";
		};
		BC4F0DBE29D51F9C001A6DD2 /* Kadali_WordGuessTests */ = {
			isa = PBXGroup;
			children = (
				BC4F0DBF29D51F9C001A6DD2 /* Kadali_WordGuessTests.swift */,
			);
			path = Kadali_WordGuessTests;
			sourceTree = "<group>";
		};
		BC4F0DC829D51F9C001A6DD2 /* Kadali_WordGuessUITests */ = {
			isa = PBXGroup;
			children = (
				BC4F0DC929D51F9C001A6DD2 /* Kadali_WordGuessUITests.swift */,
				BC4F0DCB29D51F9C001A6DD2 /* Kadali_WordGuessUITestsLaunchTests.swift */,
			);
			path = Kadali_WordGuessUITests;
			sourceTree = "<group>";
		};
/* End PBXGroup section */

/* Begin PBXNativeTarget section */
		BC4F0DA429D51F95001A6DD2 /* Kadali_WordGuess */ = {
			isa = PBXNativeTarget;
			buildConfigurationList = BC4F0DCF29D51F9C001A6DD2 /* Build configuration list for PBXNativeTarget "Kadali_WordGuess" */;
			buildPhases = (
				BC4F0DA129D51F95001A6DD2 /* Sources */,
				BC4F0DA229D51F95001A6DD2 /* Frameworks */,
				BC4F0DA329D51F95001A6DD2 /* Resources */,
			);
			buildRules = (
			);
			dependencies = (
			);
			name = Kadali_WordGuess;
			productName = Kadali_WordGuess;
			productReference = BC4F0DA529D51F95001A6DD2 /* Kadali_WordGuess.app */;
			productType = "com.apple.product-type.application";
		};
		BC4F0DBA29D51F9C001A6DD2 /* Kadali_WordGuessTests */ = {
			isa = PBXNativeTarget;
			buildConfigurationList = BC4F0DD229D51F9C001A6DD2 /* Build configuration list for PBXNativeTarget "Kadali_WordGuessTests" */;
			buildPhases = (
				BC4F0DB729D51F9C001A6DD2 /* Sources */,
				BC4F0DB829D51F9C001A6DD2 /* Frameworks */,
				BC4F0DB929D51F9C001A6DD2 /* Resources */,
			);
			buildRules = (
			);
			dependencies = (
				BC4F0DBD29D51F9C001A6DD2 /* PBXTargetDependency */,
			);
			name = Kadali_WordGuessTests;
			productName = Kadali_WordGuessTests;
			productReference = BC4F0DBB29D51F9C001A6DD2 /* Kadali_WordGuessTests.xctest */;
			productType = "com.apple.product-type.bundle.unit-test";
		};
		BC4F0DC429D51F9C001A6DD2 /* Kadali_WordGuessUITests */ = {
			isa = PBXNativeTarget;
			buildConfigurationList = BC4F0DD529D51F9C001A6DD2 /* Build configuration list for PBXNativeTarget "Kadali_WordGuessUITests" */;
			buildPhases = (
				BC4F0DC129D51F9C001A6DD2 /* Sources */,
				BC4F0DC229D51F9C001A6DD2 /* Frameworks */,
				BC4F0DC329D51F9C001A6DD2 /* Resources */,
			);
			buildRules = (
			);
			dependencies = (
				BC4F0DC729D51F9C001A6DD2 /* PBXTargetDependency */,
			);
			name = Kadali_WordGuessUITests;
			productName = Kadali_WordGuessUITests;
			productReference = BC4F0DC529D51F9C001A6DD2 /* Kadali_WordGuessUITests.xctest */;
			productType = "com.apple.product-type.bundle.ui-testing";
		};
/* End PBXNativeTarget section */

/* Begin PBXProject section */
		BC4F0D9D29D51F95001A6DD2 /* Project object */ = {
			isa = PBXProject;
			attributes = {
				BuildIndependentTargetsInParallel = 1;
				LastSwiftUpdateCheck = 1340;
				LastUpgradeCheck = 1340;
				TargetAttributes = {
					BC4F0DA429D51F95001A6DD2 = {
						CreatedOnToolsVersion = 13.4.1;
					};
					BC4F0DBA29D51F9C001A6DD2 = {
						CreatedOnToolsVersion = 13.4.1;
						TestTargetID = BC4F0DA429D51F95001A6DD2;
					};
					BC4F0DC429D51F9C001A6DD2 = {
						CreatedOnToolsVersion = 13.4.1;
						TestTargetID = BC4F0DA429D51F95001A6DD2;
					};
				};
			};
			buildConfigurationList = BC4F0DA029D51F95001A6DD2 /* Build configuration list for PBXProject "Kadali_WordGuess" */;
			compatibilityVersion = "Xcode 13.0";
			developmentRegion = en;
			hasScannedForEncodings = 0;
			knownRegions = (
				en,
				Base,
			);
			mainGroup = BC4F0D9C29D51F95001A6DD2;
			productRefGroup = BC4F0DA629D51F95001A6DD2 /* Products */;
			projectDirPath = "";
			projectRoot = "";
			targets = (
				BC4F0DA429D51F95001A6DD2 /* Kadali_WordGuess */,
				BC4F0DBA29D51F9C001A6DD2 /* Kadali_WordGuessTests */,
				BC4F0DC429D51F9C001A6DD2 /* Kadali_WordGuessUITests */,
			);
		};
/* End PBXProject section */

/* Begin PBXResourcesBuildPhase section */
		BC4F0DA329D51F95001A6DD2 /* Resources */ = {
			isa = PBXResourcesBuildPhase;
			buildActionMask = 2147483647;
			files = (
				BC4F0DB529D51F9C001A6DD2 /* LaunchScreen.storyboard in Resources */,
				BC4F0DB229D51F9C001A6DD2 /* Assets.xcassets in Resources */,
				BC4F0DB029D51F95001A6DD2 /* Main.storyboard in Resources */,
			);
			runOnlyForDeploymentPostprocessing = 0;
		};
		BC4F0DB929D51F9C001A6DD2 /* Resources */ = {
			isa = PBXResourcesBuildPhase;
			buildActionMask = 2147483647;
			files = (
			);
			runOnlyForDeploymentPostprocessing = 0;
		};
		BC4F0DC329D51F9C001A6DD2 /* Resources */ = {
			isa = PBXResourcesBuildPhase;
			buildActionMask = 2147483647;
			files = (
			);
			runOnlyForDeploymentPostprocessing = 0;
		};
/* End PBXResourcesBuildPhase section */

/* Begin PBXSourcesBuildPhase section */
		BC4F0DA129D51F95001A6DD2 /* Sources */ = {
			isa = PBXSourcesBuildPhase;
			buildActionMask = 2147483647;
			files = (
				BC4F0DAD29D51F95001A6DD2 /* ViewController.swift in Sources */,
				BC4F0DA929D51F95001A6DD2 /* AppDelegate.swift in Sources */,
				BC4F0DAB29D51F95001A6DD2 /* SceneDelegate.swift in Sources */,
			);
			runOnlyForDeploymentPostprocessing = 0;
		};
		BC4F0DB729D51F9C001A6DD2 /* Sources */ = {
			isa = PBXSourcesBuildPhase;
			buildActionMask = 2147483647;
			files = (
				BC4F0DC029D51F9C001A6DD2 /* Kadali_WordGuessTests.swift in Sources */,
			);
			runOnlyForDeploymentPostprocessing = 0;
		};
		BC4F0DC129D51F9C001A6DD2 /* Sources */ = {
			isa = PBXSourcesBuildPhase;
			buildActionMask = 2147483647;
			files = (
				BC4F0DCC29D51F9C001A6DD2 /* Kadali_WordGuessUITestsLaunchTests.swift in Sources */,
				BC4F0DCA29D51F9C001A6DD2 /* Kadali_WordGuessUITests.swift in Sources */,
			);
			runOnlyForDeploymentPostprocessing = 0;
		};
/* End PBXSourcesBuildPhase section */

/* Begin PBXTargetDependency section */
		BC4F0DBD29D51F9C001A6DD2 /* PBXTargetDependency */ = {
			isa = PBXTargetDependency;
			target = BC4F0DA429D51F95001A6DD2 /* Kadali_WordGuess */;
			targetProxy = BC4F0DBC29D51F9C001A6DD2 /* PBXContainerItemProxy */;
		};
		BC4F0DC729D51F9C001A6DD2 /* PBXTargetDependency */ = {
			isa = PBXTargetDependency;
			target = BC4F0DA429D51F95001A6DD2 /* Kadali_WordGuess */;
			targetProxy = BC4F0DC629D51F9C001A6DD2 /* PBXContainerItemProxy */;
		};
/* End PBXTargetDependency section */

/* Begin PBXVariantGroup section */
		BC4F0DAE29D51F95001A6DD2 /* Main.storyboard */ = {
			isa = PBXVariantGroup;
			children = (
				BC4F0DAF29D51F95001A6DD2 /* Base */,
			);
			name = Main.storyboard;
			sourceTree = "<group>";
		};
		BC4F0DB329D51F9C001A6DD2 /* LaunchScreen.storyboard */ = {
			isa = PBXVariantGroup;
			children = (
				BC4F0DB429D51F9C001A6DD2 /* Base */,
			);
			name = LaunchScreen.storyboard;
			sourceTree = "<group>";
		};
/* End PBXVariantGroup section */

/* Begin XCBuildConfiguration section */
		BC4F0DCD29D51F9C001A6DD2 /* Debug */ = {
			isa = XCBuildConfiguration;
			buildSettings = {
				ALWAYS_SEARCH_USER_PATHS = NO;
				CLANG_ANALYZER_NONNULL = YES;
				CLANG_ANALYZER_NUMBER_OBJECT_CONVERSION = YES_AGGRESSIVE;
				CLANG_CXX_LANGUAGE_STANDARD = "gnu++17";
				CLANG_ENABLE_MODULES = YES;
				CLANG_ENABLE_OBJC_ARC = YES;
				CLANG_ENABLE_OBJC_WEAK = YES;
				CLANG_WARN_BLOCK_CAPTURE_AUTORELEASING = YES;
				CLANG_WARN_BOOL_CONVERSION = YES;
				CLANG_WARN_COMMA = YES;
				CLANG_WARN_CONSTANT_CONVERSION = YES;
				CLANG_WARN_DEPRECATED_OBJC_IMPLEMENTATIONS = YES;
				CLANG_WARN_DIRECT_OBJC_ISA_USAGE = YES_ERROR;
				CLANG_WARN_DOCUMENTATION_COMMENTS = YES;
				CLANG_WARN_EMPTY_BODY = YES;
				CLANG_WARN_ENUM_CONVERSION = YES;
				CLANG_WARN_INFINITE_RECURSION = YES;
				CLANG_WARN_INT_CONVERSION = YES;
				CLANG_WARN_NON_LITERAL_NULL_CONVERSION = YES;
				CLANG_WARN_OBJC_IMPLICIT_RETAIN_SELF = YES;
				CLANG_WARN_OBJC_LITERAL_CONVERSION = YES;
				CLANG_WARN_OBJC_ROOT_CLASS = YES_ERROR;
				CLANG_WARN_QUOTED_INCLUDE_IN_FRAMEWORK_HEADER = YES;
				CLANG_WARN_RANGE_LOOP_ANALYSIS = YES;
				CLANG_WARN_STRICT_PROTOTYPES = YES;
				CLANG_WARN_SUSPICIOUS_MOVE = YES;
				CLANG_WARN_UNGUARDED_AVAILABILITY = YES_AGGRESSIVE;
				CLANG_WARN_UNREACHABLE_CODE = YES;
				CLANG_WARN__DUPLICATE_METHOD_MATCH = YES;
				COPY_PHASE_STRIP = NO;
				DEBUG_INFORMATION_FORMAT = dwarf;
				ENABLE_STRICT_OBJC_MSGSEND = YES;
				ENABLE_TESTABILITY = YES;
				GCC_C_LANGUAGE_STANDARD = gnu11;
				GCC_DYNAMIC_NO_PIC = NO;
				GCC_NO_COMMON_BLOCKS = YES;
				GCC_OPTIMIZATION_LEVEL = 0;
				GCC_PREPROCESSOR_DEFINITIONS = (
					"DEBUG=1",
					"$(inherited)",
				);
				GCC_WARN_64_TO_32_BIT_CONVERSION = YES;
				GCC_WARN_ABOUT_RETURN_TYPE = YES_ERROR;
				GCC_WARN_UNDECLARED_SELECTOR = YES;
				GCC_WARN_UNINITIALIZED_AUTOS = YES_AGGRESSIVE;
				GCC_WARN_UNUSED_FUNCTION = YES;
				GCC_WARN_UNUSED_VARIABLE = YES;
				IPHONEOS_DEPLOYMENT_TARGET = 15.5;
				MTL_ENABLE_DEBUG_INFO = INCLUDE_SOURCE;
				MTL_FAST_MATH = YES;
				ONLY_ACTIVE_ARCH = YES;
				SDKROOT = iphoneos;
				SWIFT_ACTIVE_COMPILATION_CONDITIONS = DEBUG;
				SWIFT_OPTIMIZATION_LEVEL = "-Onone";
			};
			name = Debug;
		};
		BC4F0DCE29D51F9C001A6DD2 /* Release */ = {
			isa = XCBuildConfiguration;
			buildSettings = {
				ALWAYS_SEARCH_USER_PATHS = NO;
				CLANG_ANALYZER_NONNULL = YES;
				CLANG_ANALYZER_NUMBER_OBJECT_CONVERSION = YES_AGGRESSIVE;
				CLANG_CXX_LANGUAGE_STANDARD = "gnu++17";
				CLANG_ENABLE_MODULES = YES;
				CLANG_ENABLE_OBJC_ARC = YES;
				CLANG_ENABLE_OBJC_WEAK = YES;
				CLANG_WARN_BLOCK_CAPTURE_AUTORELEASING = YES;
				CLANG_WARN_BOOL_CONVERSION = YES;
				CLANG_WARN_COMMA = YES;
				CLANG_WARN_CONSTANT_CONVERSION = YES;
				CLANG_WARN_DEPRECATED_OBJC_IMPLEMENTATIONS = YES;
				CLANG_WARN_DIRECT_OBJC_ISA_USAGE = YES_ERROR;
				CLANG_WARN_DOCUMENTATION_COMMENTS = YES;
				CLANG_WARN_EMPTY_BODY = YES;
				CLANG_WARN_ENUM_CONVERSION = YES;
				CLANG_WARN_INFINITE_RECURSION = YES;
				CLANG_WARN_INT_CONVERSION = YES;
				CLANG_WARN_NON_LITERAL_NULL_CONVERSION = YES;
				CLANG_WARN_OBJC_IMPLICIT_RETAIN_SELF = YES;
				CLANG_WARN_OBJC_LITERAL_CONVERSION = YES;
				CLANG_WARN_OBJC_ROOT_CLASS = YES_ERROR;
				CLANG_WARN_QUOTED_INCLUDE_IN_FRAMEWORK_HEADER = YES;
				CLANG_WARN_RANGE_LOOP_ANALYSIS = YES;
				CLANG_WARN_STRICT_PROTOTYPES = YES;
				CLANG_WARN_SUSPICIOUS_MOVE = YES;
				CLANG_WARN_UNGUARDED_AVAILABILITY = YES_AGGRESSIVE;
				CLANG_WARN_UNREACHABLE_CODE = YES;
				CLANG_WARN__DUPLICATE_METHOD_MATCH = YES;
				COPY_PHASE_STRIP = NO;
				DEBUG_INFORMATION_FORMAT = "dwarf-with-dsym";
				ENABLE_NS_ASSERTIONS = NO;
				ENABLE_STRICT_OBJC_MSGSEND = YES;
				GCC_C_LANGUAGE_STANDARD = gnu11;
				GCC_NO_COMMON_BLOCKS = YES;
				GCC_WARN_64_TO_32_BIT_CONVERSION = YES;
				GCC_WARN_ABOUT_RETURN_TYPE = YES_ERROR;
				GCC_WARN_UNDECLARED_SELECTOR = YES;
				GCC_WARN_UNINITIALIZED_AUTOS = YES_AGGRESSIVE;
				GCC_WARN_UNUSED_FUNCTION = YES;
				GCC_WARN_UNUSED_VARIABLE = YES;
				IPHONEOS_DEPLOYMENT_TARGET = 15.5;
				MTL_ENABLE_DEBUG_INFO = NO;
				MTL_FAST_MATH = YES;
				SDKROOT = iphoneos;
				SWIFT_COMPILATION_MODE = wholemodule;
				SWIFT_OPTIMIZATION_LEVEL = "-O";
				VALIDATE_PRODUCT = YES;
			};
			name = Release;
		};
		BC4F0DD029D51F9C001A6DD2 /* Debug */ = {
			isa = XCBuildConfiguration;
			buildSettings = {
				ASSETCATALOG_COMPILER_APPICON_NAME = AppIcon;
				ASSETCATALOG_COMPILER_GLOBAL_ACCENT_COLOR_NAME = AccentColor;
				CODE_SIGN_STYLE = Automatic;
				CURRENT_PROJECT_VERSION = 1;
				GENERATE_INFOPLIST_FILE = YES;
				INFOPLIST_FILE = Kadali_WordGuess/Info.plist;
				INFOPLIST_KEY_CFBundleDisplayName = Kadali_WordGuess;
				INFOPLIST_KEY_UIApplicationSupportsIndirectInputEvents = YES;
				INFOPLIST_KEY_UILaunchStoryboardName = LaunchScreen;
				INFOPLIST_KEY_UIMainStoryboardFile = Main;
				INFOPLIST_KEY_UISupportedInterfaceOrientations_iPad = "UIInterfaceOrientationPortrait UIInterfaceOrientationPortraitUpsideDown UIInterfaceOrientationLandscapeLeft UIInterfaceOrientationLandscapeRight";
				INFOPLIST_KEY_UISupportedInterfaceOrientations_iPhone = "UIInterfaceOrientationPortrait UIInterfaceOrientationLandscapeLeft UIInterfaceOrientationLandscapeRight";
				LD_RUNPATH_SEARCH_PATHS = (
					"$(inherited)",
					"@executable_path/Frameworks",
				);
				MARKETING_VERSION = 1.0;
				PRODUCT_BUNDLE_IDENTIFIER = "nwmissour.edu.Kadali-WordGuess";
				PRODUCT_NAME = "$(TARGET_NAME)";
				SWIFT_EMIT_LOC_STRINGS = YES;
				SWIFT_VERSION = 5.0;
				TARGETED_DEVICE_FAMILY = "1,2";
			};
			name = Debug;
		};
		BC4F0DD129D51F9C001A6DD2 /* Release */ = {
			isa = XCBuildConfiguration;
			buildSettings = {
				ASSETCATALOG_COMPILER_APPICON_NAME = AppIcon;
				ASSETCATALOG_COMPILER_GLOBAL_ACCENT_COLOR_NAME = AccentColor;
				CODE_SIGN_STYLE = Automatic;
				CURRENT_PROJECT_VERSION = 1;
				GENERATE_INFOPLIST_FILE = YES;
				INFOPLIST_FILE = Kadali_WordGuess/Info.plist;
				INFOPLIST_KEY_CFBundleDisplayName = Kadali_WordGuess;
				INFOPLIST_KEY_UIApplicationSupportsIndirectInputEvents = YES;
				INFOPLIST_KEY_UILaunchStoryboardName = LaunchScreen;
				INFOPLIST_KEY_UIMainStoryboardFile = Main;
				INFOPLIST_KEY_UISupportedInterfaceOrientations_iPad = "UIInterfaceOrientationPortrait UIInterfaceOrientationPortraitUpsideDown UIInterfaceOrientationLandscapeLeft UIInterfaceOrientationLandscapeRight";
				INFOPLIST_KEY_UISupportedInterfaceOrientations_iPhone = "UIInterfaceOrientationPortrait UIInterfaceOrientationLandscapeLeft UIInterfaceOrientationLandscapeRight";
				LD_RUNPATH_SEARCH_PATHS = (
					"$(inherited)",
					"@executable_path/Frameworks",
				);
				MARKETING_VERSION = 1.0;
				PRODUCT_BUNDLE_IDENTIFIER = "nwmissour.edu.Kadali-WordGuess";
				PRODUCT_NAME = "$(TARGET_NAME)";
				SWIFT_EMIT_LOC_STRINGS = YES;
				SWIFT_VERSION = 5.0;
				TARGETED_DEVICE_FAMILY = "1,2";
			};
			name = Release;
		};
		BC4F0DD329D51F9C001A6DD2 /* Debug */ = {
			isa = XCBuildConfiguration;
			buildSettings = {
				ALWAYS_EMBED_SWIFT_STANDARD_LIBRARIES = YES;
				BUNDLE_LOADER = "$(TEST_HOST)";
				CODE_SIGN_STYLE = Automatic;
				CURRENT_PROJECT_VERSION = 1;
				GENERATE_INFOPLIST_FILE = YES;
				IPHONEOS_DEPLOYMENT_TARGET = 15.5;
				MARKETING_VERSION = 1.0;
				PRODUCT_BUNDLE_IDENTIFIER = "nwmissour.edu.Kadali-WordGuessTests";
				PRODUCT_NAME = "$(TARGET_NAME)";
				SWIFT_EMIT_LOC_STRINGS = NO;
				SWIFT_VERSION = 5.0;
				TARGETED_DEVICE_FAMILY = "1,2";
				TEST_HOST = "$(BUILT_PRODUCTS_DIR)/Kadali_WordGuess.app/Kadali_WordGuess";
			};
			name = Debug;
		};
		BC4F0DD429D51F9C001A6DD2 /* Release */ = {
			isa = XCBuildConfiguration;
			buildSettings = {
				ALWAYS_EMBED_SWIFT_STANDARD_LIBRARIES = YES;
				BUNDLE_LOADER = "$(TEST_HOST)";
				CODE_SIGN_STYLE = Automatic;
				CURRENT_PROJECT_VERSION = 1;
				GENERATE_INFOPLIST_FILE = YES;
				IPHONEOS_DEPLOYMENT_TARGET = 15.5;
				MARKETING_VERSION = 1.0;
				PRODUCT_BUNDLE_IDENTIFIER = "nwmissour.edu.Kadali-WordGuessTests";
				PRODUCT_NAME = "$(TARGET_NAME)";
				SWIFT_EMIT_LOC_STRINGS = NO;
				SWIFT_VERSION = 5.0;
				TARGETED_DEVICE_FAMILY = "1,2";
				TEST_HOST = "$(BUILT_PRODUCTS_DIR)/Kadali_WordGuess.app/Kadali_WordGuess";
			};
			name = Release;
		};
		BC4F0DD629D51F9C001A6DD2 /* Debug */ = {
			isa = XCBuildConfiguration;
			buildSettings = {
				ALWAYS_EMBED_SWIFT_STANDARD_LIBRARIES = YES;
				CODE_SIGN_STYLE = Automatic;
				CURRENT_PROJECT_VERSION = 1;
				GENERATE_INFOPLIST_FILE = YES;
				MARKETING_VERSION = 1.0;
				PRODUCT_BUNDLE_IDENTIFIER = "nwmissour.edu.Kadali-WordGuessUITests";
				PRODUCT_NAME = "$(TARGET_NAME)";
				SWIFT_EMIT_LOC_STRINGS = NO;
				SWIFT_VERSION = 5.0;
				TARGETED_DEVICE_FAMILY = "1,2";
				TEST_TARGET_NAME = Kadali_WordGuess;
			};
			name = Debug;
		};
		BC4F0DD729D51F9C001A6DD2 /* Release */ = {
			isa = XCBuildConfiguration;
			buildSettings = {
				ALWAYS_EMBED_SWIFT_STANDARD_LIBRARIES = YES;
				CODE_SIGN_STYLE = Automatic;
				CURRENT_PROJECT_VERSION = 1;
				GENERATE_INFOPLIST_FILE = YES;
				MARKETING_VERSION = 1.0;
				PRODUCT_BUNDLE_IDENTIFIER = "nwmissour.edu.Kadali-WordGuessUITests";
				PRODUCT_NAME = "$(TARGET_NAME)";
				SWIFT_EMIT_LOC_STRINGS = NO;
				SWIFT_VERSION = 5.0;
				TARGETED_DEVICE_FAMILY = "1,2";
				TEST_TARGET_NAME = Kadali_WordGuess;
			};
			name = Release;
		};
/* End XCBuildConfiguration section */

/* Begin XCConfigurationList section */
		BC4F0DA029D51F95001A6DD2 /* Build configuration list for PBXProject "Kadali_WordGuess" */ = {
			isa = XCConfigurationList;
			buildConfigurations = (
				BC4F0DCD29D51F9C001A6DD2 /* Debug */,
				BC4F0DCE29D51F9C001A6DD2 /* Release */,
			);
			defaultConfigurationIsVisible = 0;
			defaultConfigurationName = Release;
		};
		BC4F0DCF29D51F9C001A6DD2 /* Build configuration list for PBXNativeTarget "Kadali_WordGuess" */ = {
			isa = XCConfigurationList;
			buildConfigurations = (
				BC4F0DD029D51F9C001A6DD2 /* Debug */,
				BC4F0DD129D51F9C001A6DD2 /* Release */,
			);
			defaultConfigurationIsVisible = 0;
			defaultConfigurationName = Release;
		};
		BC4F0DD229D51F9C001A6DD2 /* Build configuration list for PBXNativeTarget "Kadali_WordGuessTests" */ = {
			isa = XCConfigurationList;
			buildConfigurations = (
				BC4F0DD329D51F9C001A6DD2 /* Debug */,
				BC4F0DD429D51F9C001A6DD2 /* Release */,
			);
			defaultConfigurationIsVisible = 0;
			defaultConfigurationName = Release;
		};
		BC4F0DD529D51F9C001A6DD2 /* Build configuration list for PBXNativeTarget "Kadali_WordGuessUITests" */ = {
			isa = XCConfigurationList;
			buildConfigurations = (
				BC4F0DD629D51F9C001A6DD2 /* Debug */,
				BC4F0DD729D51F9C001A6DD2 /* Release */,
			);
			defaultConfigurationIsVisible = 0;
			defaultConfigurationName = Release;
		};
/* End XCConfigurationList section */
	};
	rootObject = BC4F0D9D29D51F95001A6DD2 /* Project object */;
}
